
Microsoft Visual Studio Solution File, Format Version 11.00
# Visual Studio 2010
Project("{F184B08F-C81C-45F6-A57F-5ABD9991F28F}") = "Aplicacion.06", "Aplicacion.06\Aplicacion.06.vbproj", "{132FAD5E-31E4-45E2-BC68-DBBB2B95425D}"
EndProject
Global
	GlobalSection(SolutionConfigurationPlatforms) = preSolution
		Debug|x86 = Debug|x86
		Release|x86 = Release|x86
	EndGlobalSection
	GlobalSection(ProjectConfigurationPlatforms) = postSolution
		{132FAD5E-31E4-45E2-BC68-DBBB2B95425D}.Debug|x86.ActiveCfg = Debug|x86
		{132FAD5E-31E4-45E2-BC68-DBBB2B95425D}.Debug|x86.Build.0 = Debug|x86
		{132FAD5E-31E4-45E2-BC68-DBBB2B95425D}.Release|x86.ActiveCfg = Release|x86
		{132FAD5E-31E4-45E2-BC68-DBBB2B95425D}.Release|x86.Build.0 = Release|x86
	EndGlobalSection
	GlobalSection(SolutionProperties) = preSolution
		HideSolutionNode = FALSE
	EndGlobalSection
EndGlobal
